
Microsoft Visual Studio Solution File, Format Version 12.00
Project("{FAE04EC0-301F-11D3-BF4B-00C04F79EFBC}") = "CoreTests", "CoreTests\CoreTests.csproj", "{8C5602C3-FB95-4E69-A175-9B440C971830}"
EndProject
Project("{FAE04EC0-301F-11D3-BF4B-00C04F79EFBC}") = "Program", "Program\Program.csproj", "{D8F01EBF-C127-44B4-B742-AFFFA0D428F3}"
EndProject
Project("{FAE04EC0-301F-11D3-BF4B-00C04F79EFBC}") = "Core", "Core\Core.csproj", "{83D5781D-A734-4D34-9CAD-3FB250D8EA82}"
EndProject
Global
	GlobalSection(SolutionConfigurationPlatforms) = preSolution
		Debug|Any CPU = Debug|Any CPU
		Release|Any CPU = Release|Any CPU
	EndGlobalSection
	GlobalSection(ProjectConfigurationPlatforms) = postSolution
		{8C5602C3-FB95-4E69-A175-9B440C971830}.Debug|Any CPU.ActiveCfg = Debug|Any CPU
		{8C5602C3-FB95-4E69-A175-9B440C971830}.Debug|Any CPU.Build.0 = Debug|Any CPU
		{8C5602C3-FB95-4E69-A175-9B440C971830}.Release|Any CPU.ActiveCfg = Release|Any CPU
		{8C5602C3-FB95-4E69-A175-9B440C971830}.Release|Any CPU.Build.0 = Release|Any CPU
		{D8F01EBF-C127-44B4-B742-AFFFA0D428F3}.Debug|Any CPU.ActiveCfg = Debug|Any CPU
		{D8F01EBF-C127-44B4-B742-AFFFA0D428F3}.Debug|Any CPU.Build.0 = Debug|Any CPU
		{D8F01EBF-C127-44B4-B742-AFFFA0D428F3}.Release|Any CPU.ActiveCfg = Release|Any CPU
		{D8F01EBF-C127-44B4-B742-AFFFA0D428F3}.Release|Any CPU.Build.0 = Release|Any CPU
		{83D5781D-A734-4D34-9CAD-3FB250D8EA82}.Debug|Any CPU.ActiveCfg = Debug|Any CPU
		{83D5781D-A734-4D34-9CAD-3FB250D8EA82}.Debug|Any CPU.Build.0 = Debug|Any CPU
		{83D5781D-A734-4D34-9CAD-3FB250D8EA82}.Release|Any CPU.ActiveCfg = Release|Any CPU
		{83D5781D-A734-4D34-9CAD-3FB250D8EA82}.Release|Any CPU.Build.0 = Release|Any CPU
	EndGlobalSection
EndGlobal
